
Microsoft Visual Studio Solution File, Format Version 12.00
# Visual Studio Version 16
VisualStudioVersion = 16.0.31105.61
MinimumVisualStudioVersion = 10.0.40219.1
Project("{9A19103F-16F7-4668-BE54-9A1E7A4F7556}") = "CompetitionGame", "CompetitionGame\CompetitionGame.csproj", "{B0D28B84-A8E3-45E6-8066-A5B89C095968}"
EndProject
Project("{FAE04EC0-301F-11D3-BF4B-00C04F79EFBC}") = "CompetitionGame.Data", "CompetitionGame.Data\CompetitionGame.Data.csproj", "{C67CCA84-EA9F-45F7-9EA4-F5D23DAC15EE}"
EndProject
Global
	GlobalSection(SolutionConfigurationPlatforms) = preSolution
		Debug|Any CPU = Debug|Any CPU
		Release|Any CPU = Release|Any CPU
	EndGlobalSection
	GlobalSection(ProjectConfigurationPlatforms) = postSolution
		{B0D28B84-A8E3-45E6-8066-A5B89C095968}.Debug|Any CPU.ActiveCfg = Debug|Any CPU
		{B0D28B84-A8E3-45E6-8066-A5B89C095968}.Debug|Any CPU.Build.0 = Debug|Any CPU
		{B0D28B84-A8E3-45E6-8066-A5B89C095968}.Release|Any CPU.ActiveCfg = Release|Any CPU
		{B0D28B84-A8E3-45E6-8066-A5B89C095968}.Release|Any CPU.Build.0 = Release|Any CPU
		{C67CCA84-EA9F-45F7-9EA4-F5D23DAC15EE}.Debug|Any CPU.ActiveCfg = Debug|Any CPU
		{C67CCA84-EA9F-45F7-9EA4-F5D23DAC15EE}.Debug|Any CPU.Build.0 = Debug|Any CPU
		{C67CCA84-EA9F-45F7-9EA4-F5D23DAC15EE}.Release|Any CPU.ActiveCfg = Release|Any CPU
		{C67CCA84-EA9F-45F7-9EA4-F5D23DAC15EE}.Release|Any CPU.Build.0 = Release|Any CPU
	EndGlobalSection
	GlobalSection(SolutionProperties) = preSolution
		HideSolutionNode = FALSE
	EndGlobalSection
	GlobalSection(ExtensibilityGlobals) = postSolution
		SolutionGuid = {E8A60D89-3C2E-4E1D-B4B4-5F3F7172F7F8}
	EndGlobalSection
EndGlobal
